
Microsoft Visual Studio Solution File, Format Version 12.00
# Visual Studio 15
VisualStudioVersion = 15.0.27703.2035
MinimumVisualStudioVersion = 10.0.40219.1
Project("{F184B08F-C81C-45F6-A57F-5ABD9991F28F}") = "GridMaster", "GridMaster\GridMaster.vbproj", "{ADF0324C-2949-47B4-A388-5A42BFB5EE82}"
EndProject
Global
	GlobalSection(SolutionConfigurationPlatforms) = preSolution
		Debug|Any CPU = Debug|Any CPU
		Release|Any CPU = Release|Any CPU
	EndGlobalSection
	GlobalSection(ProjectConfigurationPlatforms) = postSolution
		{ADF0324C-2949-47B4-A388-5A42BFB5EE82}.Debug|Any CPU.ActiveCfg = Debug|Any CPU
		{ADF0324C-2949-47B4-A388-5A42BFB5EE82}.Debug|Any CPU.Build.0 = Debug|Any CPU
		{ADF0324C-2949-47B4-A388-5A42BFB5EE82}.Release|Any CPU.ActiveCfg = Release|Any CPU
		{ADF0324C-2949-47B4-A388-5A42BFB5EE82}.Release|Any CPU.Build.0 = Release|Any CPU
	EndGlobalSection
	GlobalSection(SolutionProperties) = preSolution
		HideSolutionNode = FALSE
	EndGlobalSection
	GlobalSection(ExtensibilityGlobals) = postSolution
		SolutionGuid = {21D3C28E-0B03-4CD8-B4E1-1B6F145A6C27}
	EndGlobalSection
EndGlobal
